
Microsoft Visual Studio Solution File, Format Version 12.00
# Visual Studio 15
VisualStudioVersion = 15.0.27703.2018
MinimumVisualStudioVersion = 10.0.40219.1
Project("{54435603-DBB4-11D2-8724-00A0C9A8B90C}") = "ASAIPSetup", "ASAIPSetup\ASAIPSetup.vdproj", "{8FF41158-131E-40F7-A254-CBDCA160665C}"
EndProject
Project("{FAE04EC0-301F-11D3-BF4B-00C04F79EFBC}") = "AntConfigurer", "AntConfigurer\AntConfigurer.csproj", "{18967BC3-36C5-4FCE-8225-D9BEE3078F4E}"
EndProject
Global
	GlobalSection(SolutionConfigurationPlatforms) = preSolution
		Debug|Any CPU = Debug|Any CPU
		Release|Any CPU = Release|Any CPU
	EndGlobalSection
	GlobalSection(ProjectConfigurationPlatforms) = postSolution
		{8FF41158-131E-40F7-A254-CBDCA160665C}.Debug|Any CPU.ActiveCfg = Debug
		{8FF41158-131E-40F7-A254-CBDCA160665C}.Release|Any CPU.ActiveCfg = Release
		{18967BC3-36C5-4FCE-8225-D9BEE3078F4E}.Debug|Any CPU.ActiveCfg = Debug|Any CPU
		{18967BC3-36C5-4FCE-8225-D9BEE3078F4E}.Debug|Any CPU.Build.0 = Debug|Any CPU
		{18967BC3-36C5-4FCE-8225-D9BEE3078F4E}.Release|Any CPU.ActiveCfg = Release|Any CPU
		{18967BC3-36C5-4FCE-8225-D9BEE3078F4E}.Release|Any CPU.Build.0 = Release|Any CPU
	EndGlobalSection
	GlobalSection(SolutionProperties) = preSolution
		HideSolutionNode = FALSE
	EndGlobalSection
	GlobalSection(ExtensibilityGlobals) = postSolution
		SolutionGuid = {D97B0D0B-762B-4D32-B99F-2BB7C7C1B80D}
	EndGlobalSection
EndGlobal
